{
  "name": "amplify-openapi-client",
  "version": "0.0.13",
  "lockfileVersion": 1,
  "requires": true,
  "dependencies": {
    "@apidevtools/json-schema-ref-parser": {
      "version": "8.0.0",
      "resolved": "https://registry.npmjs.org/@apidevtools/json-schema-ref-parser/-/json-schema-ref-parser-8.0.0.tgz",
      "integrity": "sha512-n4YBtwQhdpLto1BaUCyAeflizmIbaloGShsPyRtFf5qdFJxfssj+GgLavczgKJFa3Bq+3St2CKcpRJdjtB4EBw==",
      "requires": {
        "@jsdevtools/ono": "^7.1.0",
        "call-me-maybe": "^1.0.1",
        "js-yaml": "^3.13.1"
      }
    },
    "@apidevtools/openapi-schemas": {
      "version": "2.0.3",
      "resolved": "https://registry.npmjs.org/@apidevtools/openapi-schemas/-/openapi-schemas-2.0.3.tgz",
      "integrity": "sha512-QoPaxGXfgqgGpK1p21FJ400z56hV681a8DOcZt3J5z0WIHgFeaIZ4+6bX5ATqmOoCpRCsH4ITEwKaOyFMz7wOA=="
    },
    "@apidevtools/swagger-methods": {
      "version": "3.0.1",
      "resolved": "https://registry.npmjs.org/@apidevtools/swagger-methods/-/swagger-methods-3.0.1.tgz",
      "integrity": "sha512-1Vlm18XYW6Yg7uHunroXeunWz5FShPFAdxBbPy8H6niB2Elz9QQsCoYHMbcc11EL1pTxaIr9HXz2An/mHXlX1Q=="
    },
    "@apidevtools/swagger-parser": {
      "version": "9.0.1",
      "resolved": "https://registry.npmjs.org/@apidevtools/swagger-parser/-/swagger-parser-9.0.1.tgz",
      "integrity": "sha512-Irqybg4dQrcHhZcxJc/UM4vO7Ksoj1Id5e+K94XUOzllqX1n47HEA50EKiXTCQbykxuJ4cYGIivjx/MRSTC5OA==",
      "requires": {
        "@apidevtools/json-schema-ref-parser": "^8.0.0",
        "@apidevtools/openapi-schemas": "^2.0.2",
        "@apidevtools/swagger-methods": "^3.0.0",
        "@jsdevtools/ono": "^7.1.0",
        "call-me-maybe": "^1.0.1",
        "openapi-types": "^1.3.5",
        "z-schema": "^4.2.2"
      }
    },
    "@aws-amplify/core": {
      "version": "3.3.3",
      "resolved": "https://registry.npmjs.org/@aws-amplify/core/-/core-3.3.3.tgz",
      "integrity": "sha512-fIrvaP8Sq4JovriVAK863BOWQsYiZEDgnXKul+W9Z46Xp9z0FjDWtI3oGuo5auQju64EVfibd7OUOeaujS4zTQ==",
      "dev": true,
      "requires": {
        "@aws-crypto/sha256-js": "1.0.0-alpha.0",
        "@aws-sdk/client-cognito-identity": "1.0.0-gamma.2",
        "@aws-sdk/credential-provider-cognito-identity": "1.0.0-gamma.2",
        "@aws-sdk/node-http-handler": "1.0.0-gamma.1",
        "@aws-sdk/types": "1.0.0-gamma.1",
        "@aws-sdk/util-hex-encoding": "1.0.0-gamma.1",
        "@aws-sdk/util-user-agent-browser": "1.0.0-gamma.1",
        "url": "^0.11.0",
        "zen-observable-ts": "0.8.19"
      }
    },
    "@aws-crypto/ie11-detection": {
      "version": "1.0.0-alpha.0",
      "resolved": "https://registry.npmjs.org/@aws-crypto/ie11-detection/-/ie11-detection-1.0.0-alpha.0.tgz",
      "integrity": "sha512-TQ55S96+aD/iZF/VdgbLqCm2um8mQhjNrlFqQEJkXc12L4taF0wz0FfdFSJ9Uuy6EIf4GjgvbLExgJwxmFqL5A==",
      "dev": true,
      "requires": {
        "tslib": "^1.9.3"
      }
    },
    "@aws-crypto/sha256-browser": {
      "version": "1.0.0-alpha.0",
      "resolved": "https://registry.npmjs.org/@aws-crypto/sha256-browser/-/sha256-browser-1.0.0-alpha.0.tgz",
      "integrity": "sha512-ZhULGaJKI/o8KROknqvnmYX3gphPQL5HLoMdVD5yPEsEsFG7rEIu4ORv2s6uaiqkdEkXZcdS+CNC8ekIndr9QA==",
      "dev": true,
      "requires": {
        "@aws-crypto/ie11-detection": "^1.0.0-alpha.0",
        "@aws-crypto/sha256-js": "^1.0.0-alpha.0",
        "@aws-crypto/supports-web-crypto": "^1.0.0-alpha.0",
        "@aws-sdk/types": "^1.0.0-alpha.0",
        "@aws-sdk/util-locate-window": "^1.0.0-alpha.0",
        "@aws-sdk/util-utf8-browser": "^1.0.0-alpha.0",
        "tslib": "^1.9.3"
      }
    },
    "@aws-crypto/sha256-js": {
      "version": "1.0.0-alpha.0",
      "resolved": "https://registry.npmjs.org/@aws-crypto/sha256-js/-/sha256-js-1.0.0-alpha.0.tgz",
      "integrity": "sha512-GidX2lccEtHZw8mXDKJQj6tea7qh3pAnsNSp1eZNxsN4MMu2OvSraPSqiB1EihsQkZBMg0IiZPpZHoACUX/QMQ==",
      "dev": true,
      "requires": {
        "@aws-sdk/types": "^1.0.0-alpha.0",
        "@aws-sdk/util-utf8-browser": "^1.0.0-alpha.0",
        "tslib": "^1.9.3"
      }
    },
    "@aws-crypto/supports-web-crypto": {
      "version": "1.0.0-alpha.0",
      "resolved": "https://registry.npmjs.org/@aws-crypto/supports-web-crypto/-/supports-web-crypto-1.0.0-alpha.0.tgz",
      "integrity": "sha512-jVWjNCoEKY49NIWyU1ia1RvtupEZEzOTkYZ1kRH+Z0RqIg9DZksQ7PbSRvxtAv8rTBdyGSgQdEpbFtQtm/ZiRQ==",
      "dev": true,
      "requires": {
        "tslib": "^1.9.3"
      }
    },
    "@aws-sdk/abort-controller": {
      "version": "1.0.0-gamma.1",
      "resolved": "https://registry.npmjs.org/@aws-sdk/abort-controller/-/abort-controller-1.0.0-gamma.1.tgz",
      "integrity": "sha512-ShIcthHm+mTUgif9cwJDIrOIG/A30HSoA9WdXSCE8lrQ83D0AUTtBMAWwlN4ZuTf9ABzIwBQ/w9wZZpla650eA==",
      "dev": true,
      "requires": {
        "@aws-sdk/types": "1.0.0-gamma.1",
        "tslib": "^1.8.0"
      }
    },
    "@aws-sdk/client-cognito-identity": {
      "version": "1.0.0-gamma.2",
      "resolved": "https://registry.npmjs.org/@aws-sdk/client-cognito-identity/-/client-cognito-identity-1.0.0-gamma.2.tgz",
      "integrity": "sha512-gGwTrKRN+mj48m4tXTilTbp1/aYO5mGIBPocDsG7digNFqxmjzFVNCq/yJfoBg7MCNBVlOFJ7i3bxM6H4cylow==",
      "dev": true,
      "requires": {
        "@aws-crypto/sha256-browser": "^1.0.0-alpha.0",
        "@aws-crypto/sha256-js": "^1.0.0-alpha.0",
        "@aws-sdk/config-resolver": "1.0.0-gamma.1",
        "@aws-sdk/credential-provider-node": "1.0.0-gamma.1",
        "@aws-sdk/fetch-http-handler": "1.0.0-gamma.2",
        "@aws-sdk/hash-node": "1.0.0-gamma.1",
        "@aws-sdk/invalid-dependency": "1.0.0-gamma.1",
        "@aws-sdk/middleware-content-length": "1.0.0-gamma.1",
        "@aws-sdk/middleware-host-header": "1.0.0-gamma.1",
        "@aws-sdk/middleware-retry": "1.0.0-gamma.1",
        "@aws-sdk/middleware-serde": "1.0.0-gamma.1",
        "@aws-sdk/middleware-signing": "1.0.0-gamma.1",
        "@aws-sdk/middleware-stack": "1.0.0-gamma.1",
        "@aws-sdk/middleware-user-agent": "1.0.0-gamma.1",
        "@aws-sdk/node-http-handler": "1.0.0-gamma.1",
        "@aws-sdk/protocol-http": "1.0.0-gamma.1",
        "@aws-sdk/region-provider": "1.0.0-gamma.1",
        "@aws-sdk/smithy-client": "1.0.0-gamma.1",
        "@aws-sdk/types": "1.0.0-gamma.1",
        "@aws-sdk/url-parser-browser": "1.0.0-gamma.1",
        "@aws-sdk/url-parser-node": "1.0.0-gamma.1",
        "@aws-sdk/util-base64-browser": "1.0.0-gamma.1",
        "@aws-sdk/util-base64-node": "1.0.0-gamma.1",
        "@aws-sdk/util-body-length-browser": "1.0.0-gamma.1",
        "@aws-sdk/util-body-length-node": "1.0.0-gamma.1",
        "@aws-sdk/util-user-agent-browser": "1.0.0-gamma.1",
        "@aws-sdk/util-user-agent-node": "1.0.0-gamma.1",
        "@aws-sdk/util-utf8-browser": "1.0.0-gamma.1",
        "@aws-sdk/util-utf8-node": "1.0.0-gamma.1",
        "tslib": "^1.8.0"
      }
    },
    "@aws-sdk/config-resolver": {
      "version": "1.0.0-gamma.1",
      "resolved": "https://registry.npmjs.org/@aws-sdk/config-resolver/-/config-resolver-1.0.0-gamma.1.tgz",
      "integrity": "sha512-pBmOberuJ35eZ1Svqsu8B8vvHv8z6ilmnmhQ4wuy+QhyR22f4rzD/23wnNyAgK/OKvTPzwxaf0DIMF2x5p5yrA==",
      "dev": true,
      "requires": {
        "@aws-sdk/signature-v4": "1.0.0-gamma.1",
        "@aws-sdk/types": "1.0.0-gamma.1",
        "tslib": "^1.8.0"
      }
    },
    "@aws-sdk/credential-provider-cognito-identity": {
      "version": "1.0.0-gamma.2",
      "resolved": "https://registry.npmjs.org/@aws-sdk/credential-provider-cognito-identity/-/credential-provider-cognito-identity-1.0.0-gamma.2.tgz",
      "integrity": "sha512-mQSWij2FeyTnJqSwVOVxB6EqIxP0JfSk31wplRMwIFs1JEe2s4CbR6WkgfJdwBfK+uTbZGyR24EtUtlQiSP5zw==",
      "dev": true,
      "requires": {
        "@aws-sdk/client-cognito-identity": "1.0.0-gamma.2",
        "@aws-sdk/property-provider": "1.0.0-gamma.1",
        "@aws-sdk/types": "1.0.0-gamma.1",
        "tslib": "^1.8.0"
      }
    },
    "@aws-sdk/credential-provider-env": {
      "version": "1.0.0-gamma.1",
      "resolved": "https://registry.npmjs.org/@aws-sdk/credential-provider-env/-/credential-provider-env-1.0.0-gamma.1.tgz",
      "integrity": "sha512-RB3aZNHNsPojQFzEbds7vPVus/HY+p6EqAVlH7mX8L7ACYBd6Gxtnxs+BKFMQA38Ev86oDbBoW93f1ppjjDHIg==",
      "dev": true,
      "requires": {
        "@aws-sdk/property-provider": "1.0.0-gamma.1",
        "@aws-sdk/types": "1.0.0-gamma.1",
        "tslib": "^1.8.0"
      }
    },
    "@aws-sdk/credential-provider-imds": {
      "version": "1.0.0-gamma.1",
      "resolved": "https://registry.npmjs.org/@aws-sdk/credential-provider-imds/-/credential-provider-imds-1.0.0-gamma.1.tgz",
      "integrity": "sha512-uf1wnGkOf3recCcaFY8OyFqaCZs4I27ETooxUg2j/PiAVuLDGhe+AjAU4jtZqthg8ECDTT73LnfGb3S6tuc3Eg==",
      "dev": true,
      "requires": {
        "@aws-sdk/property-provider": "1.0.0-gamma.1",
        "@aws-sdk/types": "1.0.0-gamma.1",
        "tslib": "^1.8.0"
      }
    },
    "@aws-sdk/credential-provider-ini": {
      "version": "1.0.0-gamma.1",
      "resolved": "https://registry.npmjs.org/@aws-sdk/credential-provider-ini/-/credential-provider-ini-1.0.0-gamma.1.tgz",
      "integrity": "sha512-naocfWbP6l3lWbxmfuSarphadPs87cRVwYpZ9FhQwzXb7Ff7rsWsZVFDBMqn/K0CH9rGZeKEcR1HzfKWx2zQ1w==",
      "dev": true,
      "requires": {
        "@aws-sdk/property-provider": "1.0.0-gamma.1",
        "@aws-sdk/shared-ini-file-loader": "1.0.0-gamma.1",
        "@aws-sdk/types": "1.0.0-gamma.1",
        "tslib": "^1.8.0"
      }
    },
    "@aws-sdk/credential-provider-node": {
      "version": "1.0.0-gamma.1",
      "resolved": "https://registry.npmjs.org/@aws-sdk/credential-provider-node/-/credential-provider-node-1.0.0-gamma.1.tgz",
      "integrity": "sha512-DBFPoZlmWt3PoQ+pOG4rJRBXw8ofhUaZrKD5Nm7/6Qs0JSbzWPlXSGDDUw1PdyThstFC1GVN/tAF2RhePa4mng==",
      "dev": true,
      "requires": {
        "@aws-sdk/credential-provider-env": "1.0.0-gamma.1",
        "@aws-sdk/credential-provider-imds": "1.0.0-gamma.1",
        "@aws-sdk/credential-provider-ini": "1.0.0-gamma.1",
        "@aws-sdk/credential-provider-process": "1.0.0-gamma.1",
        "@aws-sdk/property-provider": "1.0.0-gamma.1",
        "@aws-sdk/types": "1.0.0-gamma.1",
        "tslib": "^1.8.0"
      }
    },
    "@aws-sdk/credential-provider-process": {
      "version": "1.0.0-gamma.1",
      "resolved": "https://registry.npmjs.org/@aws-sdk/credential-provider-process/-/credential-provider-process-1.0.0-gamma.1.tgz",
      "integrity": "sha512-gxVOXRF/XR+tfa516tvsy54xqXSvbJuW5gIpVWnUqPfZAesnz5Yh7/AIlWm1e7UHKGG1pDTPRmEKhrXwfyna/Q==",
      "dev": true,
      "requires": {
        "@aws-sdk/credential-provider-ini": "1.0.0-gamma.1",
        "@aws-sdk/property-provider": "1.0.0-gamma.1",
        "@aws-sdk/shared-ini-file-loader": "1.0.0-gamma.1",
        "@aws-sdk/types": "1.0.0-gamma.1",
        "tslib": "^1.8.0"
      }
    },
    "@aws-sdk/fetch-http-handler": {
      "version": "1.0.0-gamma.2",
      "resolved": "https://registry.npmjs.org/@aws-sdk/fetch-http-handler/-/fetch-http-handler-1.0.0-gamma.2.tgz",
      "integrity": "sha512-uSMmGElKKeClA7yVPipZLTPMGXLz1WiQB4utTEAxrgfOFDHIjSkTyAcPELdcB/VU+DmvMeSmPn9IOTQKqwv80g==",
      "dev": true,
      "requires": {
        "@aws-sdk/protocol-http": "1.0.0-gamma.1",
        "@aws-sdk/querystring-builder": "1.0.0-gamma.1",
        "@aws-sdk/types": "1.0.0-gamma.1",
        "tslib": "^1.8.0"
      }
    },
    "@aws-sdk/hash-node": {
      "version": "1.0.0-gamma.1",
      "resolved": "https://registry.npmjs.org/@aws-sdk/hash-node/-/hash-node-1.0.0-gamma.1.tgz",
      "integrity": "sha512-NH2aPVm857rWhuL3eRHllE3qHVGevEtLWxOy+dz7i/2gsTJ+nbkc9YihhNxbdAdwO6qEBM4AcnWHS0G1w1F9rA==",
      "dev": true,
      "requires": {
        "@aws-sdk/types": "1.0.0-gamma.1",
        "@aws-sdk/util-buffer-from": "1.0.0-gamma.1",
        "tslib": "^1.8.0"
      }
    },
    "@aws-sdk/invalid-dependency": {
      "version": "1.0.0-gamma.1",
      "resolved": "https://registry.npmjs.org/@aws-sdk/invalid-dependency/-/invalid-dependency-1.0.0-gamma.1.tgz",
      "integrity": "sha512-XAWP6e1nITXGdq9rfvYiId3z6wN0uqBrxwnf0PapElDQeAyQRfpOSjhSfsq2S6PjaTQhbtDsu0QhYpWP1IXhsQ==",
      "dev": true,
      "requires": {
        "tslib": "^1.8.0"
      }
    },
    "@aws-sdk/is-array-buffer": {
      "version": "1.0.0-gamma.1",
      "resolved": "https://registry.npmjs.org/@aws-sdk/is-array-buffer/-/is-array-buffer-1.0.0-gamma.1.tgz",
      "integrity": "sha512-Oj9mpM19H/3mPDECIHS2K4sZYyfMPBsL+8VkCnwU2/+AJABoxgbf5VjXdXmWZUBh7+8Roa0th2aGXb0WG/QUBg==",
      "dev": true,
      "requires": {
        "tslib": "^1.8.0"
      }
    },
    "@aws-sdk/middleware-content-length": {
      "version": "1.0.0-gamma.1",
      "resolved": "https://registry.npmjs.org/@aws-sdk/middleware-content-length/-/middleware-content-length-1.0.0-gamma.1.tgz",
      "integrity": "sha512-i41usSfqgcgE7d36svQ5wkk/3sKfhr1Gfd9tedFh7g91dChd9v5Xzgm7vk/p1HGUP2kNUPlgXD3xATVeptAhiA==",
      "dev": true,
      "requires": {
        "@aws-sdk/protocol-http": "1.0.0-gamma.1",
        "@aws-sdk/types": "1.0.0-gamma.1",
        "tslib": "^1.8.0"
      }
    },
    "@aws-sdk/middleware-host-header": {
      "version": "1.0.0-gamma.1",
      "resolved": "https://registry.npmjs.org/@aws-sdk/middleware-host-header/-/middleware-host-header-1.0.0-gamma.1.tgz",
      "integrity": "sha512-CsWobqCyDC0hAESuoD/UI2PESBvdF+oagxC15oWcA5IrpaA5sEwJoUi9BuuK2FXRR+HDnsu1sHRMUwcAciwmnA==",
      "dev": true,
      "requires": {
        "@aws-sdk/protocol-http": "1.0.0-gamma.1",
        "@aws-sdk/types": "1.0.0-gamma.1",
        "tslib": "^1.8.0"
      }
    },
    "@aws-sdk/middleware-retry": {
      "version": "1.0.0-gamma.1",
      "resolved": "https://registry.npmjs.org/@aws-sdk/middleware-retry/-/middleware-retry-1.0.0-gamma.1.tgz",
      "integrity": "sha512-qVefdYFpnlNLVYTHxZ1FyKG10dsZxysUY4prNRFsSU8UrsqnQ72KZrSFxOmP50qPz1sq4FB9zAb5vi+zm2KtAw==",
      "dev": true,
      "requires": {
        "@aws-sdk/service-error-classification": "1.0.0-gamma.1",
        "@aws-sdk/types": "1.0.0-gamma.1",
        "tslib": "^1.8.0"
      }
    },
    "@aws-sdk/middleware-serde": {
      "version": "1.0.0-gamma.1",
      "resolved": "https://registry.npmjs.org/@aws-sdk/middleware-serde/-/middleware-serde-1.0.0-gamma.1.tgz",
      "integrity": "sha512-4rhB/x8zGmiN1k12fPG1LOxvK41XE8yOlayQyach2Lct30i38Oel/7wpnYaIXuTGFaY+npC127fgAY3XuMcdcw==",
      "dev": true,
      "requires": {
        "@aws-sdk/types": "1.0.0-gamma.1",
        "tslib": "^1.8.0"
      }
    },
    "@aws-sdk/middleware-signing": {
      "version": "1.0.0-gamma.1",
      "resolved": "https://registry.npmjs.org/@aws-sdk/middleware-signing/-/middleware-signing-1.0.0-gamma.1.tgz",
      "integrity": "sha512-JYOBU+WWHoQEjPu+2i71j25jPVuAhkW8fhIIo92WTiqj6txyx4s10eRJATkGCJfwXVazdZ8wrFz3afse9dWUFw==",
      "dev": true,
      "requires": {
        "@aws-sdk/protocol-http": "1.0.0-gamma.1",
        "@aws-sdk/signature-v4": "1.0.0-gamma.1",
        "@aws-sdk/types": "1.0.0-gamma.1",
        "tslib": "^1.8.0"
      }
    },
    "@aws-sdk/middleware-stack": {
      "version": "1.0.0-gamma.1",
      "resolved": "https://registry.npmjs.org/@aws-sdk/middleware-stack/-/middleware-stack-1.0.0-gamma.1.tgz",
      "integrity": "sha512-zQEryY3AGVmNUXNl9N0TV7Uvd66QHyf65DAjHR87gOQfqBal1khjyZ33d7C2MlJm4jrkP6gojsdMxL7/C+uUfw==",
      "dev": true,
      "requires": {
        "@aws-sdk/types": "1.0.0-gamma.1",
        "tslib": "^1.8.0"
      }
    },
    "@aws-sdk/middleware-user-agent": {
      "version": "1.0.0-gamma.1",
      "resolved": "https://registry.npmjs.org/@aws-sdk/middleware-user-agent/-/middleware-user-agent-1.0.0-gamma.1.tgz",
      "integrity": "sha512-+KsKxTwlXYMFBtu5KeanNr6FMdY3qikVQHRALer0GAQjoOwKI7XW8ZLYmKox9JcZ/jYvFLiNtDFf5rwvmSkosA==",
      "dev": true,
      "requires": {
        "@aws-sdk/protocol-http": "1.0.0-gamma.1",
        "@aws-sdk/types": "1.0.0-gamma.1",
        "tslib": "^1.8.0"
      }
    },
    "@aws-sdk/node-http-handler": {
      "version": "1.0.0-gamma.1",
      "resolved": "https://registry.npmjs.org/@aws-sdk/node-http-handler/-/node-http-handler-1.0.0-gamma.1.tgz",
      "integrity": "sha512-f8mttfMzY3MY63daZEVol1K3WEzDD1PGNPLdiZVsgq1f3GcAqnP0GcEK10USOL9l3yI11zL0WyD29Ci08quytQ==",
      "dev": true,
      "requires": {
        "@aws-sdk/abort-controller": "1.0.0-gamma.1",
        "@aws-sdk/protocol-http": "1.0.0-gamma.1",
        "@aws-sdk/querystring-builder": "1.0.0-gamma.1",
        "@aws-sdk/types": "1.0.0-gamma.1",
        "tslib": "^1.8.0"
      }
    },
    "@aws-sdk/property-provider": {
      "version": "1.0.0-gamma.1",
      "resolved": "https://registry.npmjs.org/@aws-sdk/property-provider/-/property-provider-1.0.0-gamma.1.tgz",
      "integrity": "sha512-38BRXvFuegHZxMFBNWmSGzQFJhITyoBoPtsGGueW505qpEtofgBMv3UAHugbas+9MPRvU310aX5QDwth9oIK3w==",
      "dev": true,
      "requires": {
        "@aws-sdk/types": "1.0.0-gamma.1",
        "tslib": "^1.8.0"
      }
    },
    "@aws-sdk/protocol-http": {
      "version": "1.0.0-gamma.1",
      "resolved": "https://registry.npmjs.org/@aws-sdk/protocol-http/-/protocol-http-1.0.0-gamma.1.tgz",
      "integrity": "sha512-+zrlpgAy7A4QCe5rEs8NMFLNMQGEpCIXEZMGgLP4wxS5bo+46aHremuHz8uNd2K172bETZk8OLy5Xyna2dKRcw==",
      "dev": true,
      "requires": {
        "@aws-sdk/types": "1.0.0-gamma.1",
        "tslib": "^1.8.0"
      }
    },
    "@aws-sdk/querystring-builder": {
      "version": "1.0.0-gamma.1",
      "resolved": "https://registry.npmjs.org/@aws-sdk/querystring-builder/-/querystring-builder-1.0.0-gamma.1.tgz",
      "integrity": "sha512-9WOdsGXSCat3T7xnKRpnNNP+jPmLsTFx2HXsIh2eH6n4GIeIW46JaqPM3sHTTLjjOyd2PLzOoY439ax4BqP7Ag==",
      "dev": true,
      "requires": {
        "@aws-sdk/types": "1.0.0-gamma.1",
        "@aws-sdk/util-uri-escape": "1.0.0-gamma.1",
        "tslib": "^1.8.0"
      }
    },
    "@aws-sdk/querystring-parser": {
      "version": "1.0.0-gamma.1",
      "resolved": "https://registry.npmjs.org/@aws-sdk/querystring-parser/-/querystring-parser-1.0.0-gamma.1.tgz",
      "integrity": "sha512-g+ndMrYVG15GgeIE0+uBuhSo7xLOqzr343xcaj1262JCrfwMGMl1r/rEWKZix2GycaBXE3TcNKXgcjXSbuLu+A==",
      "dev": true,
      "requires": {
        "@aws-sdk/types": "1.0.0-gamma.1",
        "tslib": "^1.8.0"
      }
    },
    "@aws-sdk/region-provider": {
      "version": "1.0.0-gamma.1",
      "resolved": "https://registry.npmjs.org/@aws-sdk/region-provider/-/region-provider-1.0.0-gamma.1.tgz",
      "integrity": "sha512-r2HQdBlS6BKglMi6Gg4fnGNbIaqEyMIZwtT2u1RwiMPbKC3VWru1OLzwf2MlsL+JmLIVF/y80iNvVEwArryDlQ==",
      "dev": true,
      "requires": {
        "@aws-sdk/property-provider": "1.0.0-gamma.1",
        "@aws-sdk/shared-ini-file-loader": "1.0.0-gamma.1",
        "@aws-sdk/types": "1.0.0-gamma.1",
        "tslib": "^1.8.0"
      }
    },
    "@aws-sdk/service-error-classification": {
      "version": "1.0.0-gamma.1",
      "resolved": "https://registry.npmjs.org/@aws-sdk/service-error-classification/-/service-error-classification-1.0.0-gamma.1.tgz",
      "integrity": "sha512-8GiWdH+k3VZHKmW9CjXYFR0lmWXfHJNzd2pAKD//WhuDJjz2GcD7YGn/2OrvOB+p2LAGvbuQA8zmmuhvBoqLWw==",
      "dev": true
    },
    "@aws-sdk/shared-ini-file-loader": {
      "version": "1.0.0-gamma.1",
      "resolved": "https://registry.npmjs.org/@aws-sdk/shared-ini-file-loader/-/shared-ini-file-loader-1.0.0-gamma.1.tgz",
      "integrity": "sha512-oj2Xn0mY2mGsJyweN+O1VNqQguaQIYKjKIWlOKKxX+j5euhRpvx4iNQhqCigE9VXLK/NOw2J/F5JchZrd6YwPw==",
      "dev": true,
      "requires": {
        "tslib": "^1.8.0"
      }
    },
    "@aws-sdk/signature-v4": {
      "version": "1.0.0-gamma.1",
      "resolved": "https://registry.npmjs.org/@aws-sdk/signature-v4/-/signature-v4-1.0.0-gamma.1.tgz",
      "integrity": "sha512-PqsAVg+7hBgxZbJfOzrN2eCvPiAtudiekAb8f/lrUrjD5VCt7ybQZ6stA8eoeOMk/aziOHPV/VK588xZxZMciA==",
      "dev": true,
      "requires": {
        "@aws-sdk/is-array-buffer": "1.0.0-gamma.1",
        "@aws-sdk/types": "1.0.0-gamma.1",
        "@aws-sdk/util-hex-encoding": "1.0.0-gamma.1",
        "@aws-sdk/util-uri-escape": "1.0.0-gamma.1",
        "tslib": "^1.8.0"
      }
    },
    "@aws-sdk/smithy-client": {
      "version": "1.0.0-gamma.1",
      "resolved": "https://registry.npmjs.org/@aws-sdk/smithy-client/-/smithy-client-1.0.0-gamma.1.tgz",
      "integrity": "sha512-nuRZkwTIXZj7jsJ1RO0PoLzmyUda7SlfjDLPYrLDBtKLO3JSL44wLNOF2N1T4myK4phKlECEez1aEir/vb4QOA==",
      "dev": true,
      "requires": {
        "@aws-sdk/middleware-stack": "1.0.0-gamma.1",
        "@aws-sdk/types": "1.0.0-gamma.1",
        "tslib": "^1.8.0"
      }
    },
    "@aws-sdk/types": {
      "version": "1.0.0-gamma.1",
      "resolved": "https://registry.npmjs.org/@aws-sdk/types/-/types-1.0.0-gamma.1.tgz",
      "integrity": "sha512-K41IMXfj4lCNVjvWarJR7TNaP0sOh6hmbV3fDw9zReZ0t6ehQ4CY9JO2XQEWKnR6njyggmpbi/xNM924HYsgTg==",
      "dev": true
    },
    "@aws-sdk/url-parser-browser": {
      "version": "1.0.0-gamma.1",
      "resolved": "https://registry.npmjs.org/@aws-sdk/url-parser-browser/-/url-parser-browser-1.0.0-gamma.1.tgz",
      "integrity": "sha512-V5/7WWqmkIzN2OD8BQw6VCO7Mr99OoeN0n8kYnFJegF3rtOW/4MPQISWoVm4mK+hdIAAn04gEesqCon1HkTKLw==",
      "dev": true,
      "requires": {
        "@aws-sdk/querystring-parser": "1.0.0-gamma.1",
        "@aws-sdk/types": "1.0.0-gamma.1",
        "tslib": "^1.8.0"
      }
    },
    "@aws-sdk/url-parser-node": {
      "version": "1.0.0-gamma.1",
      "resolved": "https://registry.npmjs.org/@aws-sdk/url-parser-node/-/url-parser-node-1.0.0-gamma.1.tgz",
      "integrity": "sha512-791C2njiPVKaqvR+EFMSg5kpihQbZzs0ESDqQrBW2x+I66gCAjrrzznuvDDV46UJb5V9av9f0g7ccZkDn/q4cQ==",
      "dev": true,
      "requires": {
        "@aws-sdk/querystring-parser": "1.0.0-gamma.1",
        "@aws-sdk/types": "1.0.0-gamma.1",
        "tslib": "^1.8.0",
        "url": "^0.11.0"
      }
    },
    "@aws-sdk/util-base64-browser": {
      "version": "1.0.0-gamma.1",
      "resolved": "https://registry.npmjs.org/@aws-sdk/util-base64-browser/-/util-base64-browser-1.0.0-gamma.1.tgz",
      "integrity": "sha512-5OlqkNnKXrsLo0WGAuGea9clqArZk5qn9KEM2Yu4/gSZ2WNl4lI10m/ig+Zsi26fgdygxtvJg8MZLiK4GyKfqw==",
      "dev": true,
      "requires": {
        "tslib": "^1.8.0"
      }
    },
    "@aws-sdk/util-base64-node": {
      "version": "1.0.0-gamma.1",
      "resolved": "https://registry.npmjs.org/@aws-sdk/util-base64-node/-/util-base64-node-1.0.0-gamma.1.tgz",
      "integrity": "sha512-9sel4cZHUoULXmyBSsDlJAu9/kk4d3QB9lnhWnIwkj2iQ0pA9Lg5RNxvOAPkrgFHM3KqXtp2gC/wtPvcSoA6iA==",
      "dev": true,
      "requires": {
        "@aws-sdk/util-buffer-from": "1.0.0-gamma.1",
        "tslib": "^1.8.0"
      }
    },
    "@aws-sdk/util-body-length-browser": {
      "version": "1.0.0-gamma.1",
      "resolved": "https://registry.npmjs.org/@aws-sdk/util-body-length-browser/-/util-body-length-browser-1.0.0-gamma.1.tgz",
      "integrity": "sha512-5Sa/+2t1giiHkFfMCmN8bQ9HkKDbwh04yf2kBS/VzeSwjQUMv/GXYF+PHesuaaccDXg7SBaZtXmdeoXpRnK4cQ==",
      "dev": true,
      "requires": {
        "tslib": "^1.8.0"
      }
    },
    "@aws-sdk/util-body-length-node": {
      "version": "1.0.0-gamma.1",
      "resolved": "https://registry.npmjs.org/@aws-sdk/util-body-length-node/-/util-body-length-node-1.0.0-gamma.1.tgz",
      "integrity": "sha512-9or+zbpzi1G78XMXWfvc9cs0aDG6PJywN5Vl41QO9g1AHJ5k6C4XjLQ3FDEXWphnQCFNCyfEJ+4qi/HNjyR1Rg==",
      "dev": true,
      "requires": {
        "tslib": "^1.8.0"
      }
    },
    "@aws-sdk/util-buffer-from": {
      "version": "1.0.0-gamma.1",
      "resolved": "https://registry.npmjs.org/@aws-sdk/util-buffer-from/-/util-buffer-from-1.0.0-gamma.1.tgz",
      "integrity": "sha512-Aae/ots79VI0x3HqioK+Podvh/HOAAKC3zHeDvLc1t3WOEwWlWbCalSp9Yi9bXOK2WZgYvHHaAbnCMdbYmxemQ==",
      "dev": true,
      "requires": {
        "@aws-sdk/is-array-buffer": "1.0.0-gamma.1",
        "tslib": "^1.8.0"
      }
    },
    "@aws-sdk/util-hex-encoding": {
      "version": "1.0.0-gamma.1",
      "resolved": "https://registry.npmjs.org/@aws-sdk/util-hex-encoding/-/util-hex-encoding-1.0.0-gamma.1.tgz",
      "integrity": "sha512-SGOaAgjR3iaPB4obob/gqXPjgmxEN6X3zxWrfFk4jG+pdheKBAniw7ckITdBEG04Gkqh91stIORLIgxR8gxjIg==",
      "dev": true,
      "requires": {
        "tslib": "^1.8.0"
      }
    },
    "@aws-sdk/util-locate-window": {
      "version": "1.0.0-gamma.1",
      "resolved": "https://registry.npmjs.org/@aws-sdk/util-locate-window/-/util-locate-window-1.0.0-gamma.1.tgz",
      "integrity": "sha512-gKLTmSnpZfdezYMBgEjUFH1jE4VvbxWswQhI4XUs3ChOWdm46AdRBVbGqnN6hlo9dSZwJQaeRE9VPTCkRE8zkA==",
      "dev": true,
      "requires": {
        "tslib": "^1.8.0"
      }
    },
    "@aws-sdk/util-uri-escape": {
      "version": "1.0.0-gamma.1",
      "resolved": "https://registry.npmjs.org/@aws-sdk/util-uri-escape/-/util-uri-escape-1.0.0-gamma.1.tgz",
      "integrity": "sha512-HaTwnGMOFCAC3cqRpI0Mzw4YbCLWY22+n9bbkdw9u65N5JVGQU7E5WSueRBpZUcAkTMwHaYhRzLxdssWs0wwsw==",
      "dev": true,
      "requires": {
        "tslib": "^1.8.0"
      }
    },
    "@aws-sdk/util-user-agent-browser": {
      "version": "1.0.0-gamma.1",
      "resolved": "https://registry.npmjs.org/@aws-sdk/util-user-agent-browser/-/util-user-agent-browser-1.0.0-gamma.1.tgz",
      "integrity": "sha512-5vIAR65+dDq4OyEff44GIg/egd1nUQG5aUu7Hd67FgB0Q7ZDvMIixliFJUlF4S69ryAkjqqbWDKdXl+ofW8utw==",
      "dev": true,
      "requires": {
        "@aws-sdk/types": "1.0.0-gamma.1",
        "tslib": "^1.8.0"
      }
    },
    "@aws-sdk/util-user-agent-node": {
      "version": "1.0.0-gamma.1",
      "resolved": "https://registry.npmjs.org/@aws-sdk/util-user-agent-node/-/util-user-agent-node-1.0.0-gamma.1.tgz",
      "integrity": "sha512-d8EfFgbfBh2MIV1lJt7rQJ9AV2aYYBdAHbr/rTwVhjn8WfyqQTUXHKPHBdTZrS3yTy3v382QNrnGHxnfykTcXQ==",
      "dev": true,
      "requires": {
        "@aws-sdk/types": "1.0.0-gamma.1",
        "tslib": "^1.8.0"
      }
    },
    "@aws-sdk/util-utf8-browser": {
      "version": "1.0.0-gamma.1",
      "resolved": "https://registry.npmjs.org/@aws-sdk/util-utf8-browser/-/util-utf8-browser-1.0.0-gamma.1.tgz",
      "integrity": "sha512-UgHEkgvFvupHR2A4pPofdRflGfZEOPboG7LlUVlH6rcuIJdgi7gTzz4codxOe+kf1PVwHuHR6Pf+t22W6K/WWA==",
      "dev": true,
      "requires": {
        "tslib": "^1.8.0"
      }
    },
    "@aws-sdk/util-utf8-node": {
      "version": "1.0.0-gamma.1",
      "resolved": "https://registry.npmjs.org/@aws-sdk/util-utf8-node/-/util-utf8-node-1.0.0-gamma.1.tgz",
      "integrity": "sha512-M/bghdcRoquo7/5HdNV7v+Qw3OaSxCOEaRUNZKYekpRXRG2DuDp3EEKX45V/OmBRKWJjDX5DTBnJlo8rev5AUQ==",
      "dev": true,
      "requires": {
        "@aws-sdk/util-buffer-from": "1.0.0-gamma.1",
        "tslib": "^1.8.0"
      }
    },
    "@jsdevtools/ono": {
      "version": "7.1.2",
      "resolved": "https://registry.npmjs.org/@jsdevtools/ono/-/ono-7.1.2.tgz",
      "integrity": "sha512-qS/a24RA5FEoiJS9wiv6Pwg2c/kiUo3IVUQcfeM9JvsR6pM8Yx+yl/6xWYLckZCT5jpLNhslgjiA8p/XcGyMRQ=="
    },
    "@types/lodash": {
      "version": "4.14.155",
      "resolved": "https://registry.npmjs.org/@types/lodash/-/lodash-4.14.155.tgz",
      "integrity": "sha512-vEcX7S7aPhsBCivxMwAANQburHBtfN9RdyXFk84IJmu2Z4Hkg1tOFgaslRiEqqvoLtbCBi6ika1EMspE+NZ9Lg==",
      "dev": true
    },
    "argparse": {
      "version": "1.0.10",
      "resolved": "https://registry.npmjs.org/argparse/-/argparse-1.0.10.tgz",
      "integrity": "sha512-o5Roy6tNG4SL/FOkCAN6RzjiakZS25RLYFrcMttJqbdd8BWrnA+fGz57iN5Pb06pvBGvl5gQ0B48dJlslXvoTg==",
      "requires": {
        "sprintf-js": "~1.0.2"
      }
    },
    "axios": {
      "version": "0.19.2",
      "resolved": "https://registry.npmjs.org/axios/-/axios-0.19.2.tgz",
      "integrity": "sha512-fjgm5MvRHLhx+osE2xoekY70AhARk3a6hkN+3Io1jc00jtquGvxYlKlsFUhmUET0V5te6CcZI7lcv2Ym61mjHA==",
      "requires": {
        "follow-redirects": "1.5.10"
      }
    },
    "bath-es5": {
      "version": "3.0.3",
      "resolved": "https://registry.npmjs.org/bath-es5/-/bath-es5-3.0.3.tgz",
      "integrity": "sha512-PdCioDToH3t84lP40kUFCKWCOCH389Dl1kbC8FGoqOwamxsmqxxnJSXdkTOsPoNHXjem4+sJ+bbNoQm5zeCqxg=="
    },
    "call-me-maybe": {
      "version": "1.0.1",
      "resolved": "https://registry.npmjs.org/call-me-maybe/-/call-me-maybe-1.0.1.tgz",
      "integrity": "sha1-JtII6onje1y95gJQoV8DHBak1ms="
    },
    "charenc": {
      "version": "0.0.2",
      "resolved": "https://registry.npmjs.org/charenc/-/charenc-0.0.2.tgz",
      "integrity": "sha1-wKHS86cJLgN3S/qD8UwPxXkKhmc="
    },
    "clone": {
      "version": "2.1.2",
      "resolved": "https://registry.npmjs.org/clone/-/clone-2.1.2.tgz",
      "integrity": "sha1-G39Ln1kfHo+DZwQBYANFoCiHQ18="
    },
    "commander": {
      "version": "2.20.3",
      "resolved": "https://registry.npmjs.org/commander/-/commander-2.20.3.tgz",
      "integrity": "sha512-GpVkmM8vF2vQUkj2LvZmD35JxeJOLCwJ9cUkugyk2nuhbv3+mJvpLYYt+0+USMxE+oj+ey/lJEnhZw75x/OMcQ==",
      "optional": true
    },
    "crypt": {
      "version": "0.0.2",
      "resolved": "https://registry.npmjs.org/crypt/-/crypt-0.0.2.tgz",
      "integrity": "sha1-iNf/fsDfuG9xPch7u0LQRNPmxBs="
    },
    "dag-map": {
      "version": "1.0.2",
      "resolved": "https://registry.npmjs.org/dag-map/-/dag-map-1.0.2.tgz",
      "integrity": "sha1-6DefBBAA7VYfxRVHXB7SyF7s6Nc="
    },
    "debug": {
      "version": "3.1.0",
      "resolved": "https://registry.npmjs.org/debug/-/debug-3.1.0.tgz",
      "integrity": "sha512-OX8XqP7/1a9cqkxYw2yXss15f26NKWBpDXQd0/uK/KPqdQhxbPa994hnzjcE2VqQpDslf55723cKPUOGSmMY3g==",
      "requires": {
        "ms": "2.0.0"
      }
    },
    "decode-uri-component": {
      "version": "0.2.0",
      "resolved": "https://registry.npmjs.org/decode-uri-component/-/decode-uri-component-0.2.0.tgz",
      "integrity": "sha1-6zkTMzRYd1y4TNGh+uBiEGu4dUU="
    },
    "esprima": {
      "version": "4.0.1",
      "resolved": "https://registry.npmjs.org/esprima/-/esprima-4.0.1.tgz",
      "integrity": "sha512-eGuFFw7Upda+g4p+QHvnW0RyTX/SVeJBDM/gCtMARO0cLuT2HcEKnTPvhjV6aGeqrCB/sbNop0Kszm0jsaWU4A=="
    },
    "follow-redirects": {
      "version": "1.5.10",
      "resolved": "https://registry.npmjs.org/follow-redirects/-/follow-redirects-1.5.10.tgz",
      "integrity": "sha512-0V5l4Cizzvqt5D44aTXbFZz+FtyXV1vrDN6qrelxtfYQKW0KO0W2T/hkE8xvGa/540LkZlkaUjO4ailYTFtHVQ==",
      "requires": {
        "debug": "=3.1.0"
      }
    },
    "is-buffer": {
      "version": "1.1.6",
      "resolved": "https://registry.npmjs.org/is-buffer/-/is-buffer-1.1.6.tgz",
      "integrity": "sha512-NcdALwpXkTm5Zvvbk7owOUSvVvBKDgKP5/ewfXEznmQFfs4ZRmanOeKBTjRVjka3QFoN6XJ+9F3USqfHqTaU5w=="
    },
    "is-extglob": {
      "version": "1.0.0",
      "resolved": "https://registry.npmjs.org/is-extglob/-/is-extglob-1.0.0.tgz",
      "integrity": "sha1-rEaBd8SUNAWgkvyPKXYMb/xiBsA="
    },
    "is-glob": {
      "version": "2.0.1",
      "resolved": "https://registry.npmjs.org/is-glob/-/is-glob-2.0.1.tgz",
      "integrity": "sha1-0Jb5JqPe1WAPP9/ZEZjLCIjC2GM=",
      "requires": {
        "is-extglob": "^1.0.0"
      }
    },
    "is-invalid-path": {
      "version": "0.1.0",
      "resolved": "https://registry.npmjs.org/is-invalid-path/-/is-invalid-path-0.1.0.tgz",
      "integrity": "sha1-MHqFWzzxqTi0TqcNLGEQYFNxTzQ=",
      "requires": {
        "is-glob": "^2.0.0"
      }
    },
    "is-valid-path": {
      "version": "0.1.1",
      "resolved": "https://registry.npmjs.org/is-valid-path/-/is-valid-path-0.1.1.tgz",
      "integrity": "sha1-EQ+f90w39mPh7HkV60UfLbk6yd8=",
      "requires": {
        "is-invalid-path": "^0.1.0"
      }
    },
    "js-yaml": {
      "version": "3.14.0",
      "resolved": "https://registry.npmjs.org/js-yaml/-/js-yaml-3.14.0.tgz",
      "integrity": "sha512-/4IbIeHcD9VMHFqDR/gQ7EdZdLimOvW2DdcxFjdyyZ9NsbS+ccrXqVWDtab/lRl5AlUqmpBx8EhPaWR+OtY17A==",
      "requires": {
        "argparse": "^1.0.7",
        "esprima": "^4.0.0"
      }
    },
    "json-schema-deref-sync": {
      "version": "0.13.0",
      "resolved": "https://registry.npmjs.org/json-schema-deref-sync/-/json-schema-deref-sync-0.13.0.tgz",
      "integrity": "sha512-YBOEogm5w9Op337yb6pAT6ZXDqlxAsQCanM3grid8lMWNxRJO/zWEJi3ZzqDL8boWfwhTFym5EFrNgWwpqcBRg==",
      "requires": {
        "clone": "^2.1.2",
        "dag-map": "~1.0.0",
        "is-valid-path": "^0.1.1",
        "lodash": "^4.17.13",
        "md5": "~2.2.0",
        "memory-cache": "~0.2.0",
        "traverse": "~0.6.6",
        "valid-url": "~1.0.9"
      }
    },
    "jsonschema": {
      "version": "1.2.4",
      "resolved": "https://registry.npmjs.org/jsonschema/-/jsonschema-1.2.4.tgz",
      "integrity": "sha512-lz1nOH69GbsVHeVgEdvyavc/33oymY1AZwtePMiMj4HZPMbP5OIKK3zT9INMWjwua/V4Z4yq7wSlBbSG+g4AEw=="
    },
    "jsonschema-draft4": {
      "version": "1.0.0",
      "resolved": "https://registry.npmjs.org/jsonschema-draft4/-/jsonschema-draft4-1.0.0.tgz",
      "integrity": "sha1-8K8gBQVPDwrefqIRhhS2ncUS2GU="
    },
    "lodash": {
      "version": "4.17.15",
      "resolved": "https://registry.npmjs.org/lodash/-/lodash-4.17.15.tgz",
      "integrity": "sha512-8xOcRHvCjnocdS5cpwXQXVzmmh5e5+saE2QGoeQmbKmRS6J3VQppPOIt0MnmE+4xlZoumy0GPG0D0MVIQbNA1A=="
    },
    "lodash.get": {
      "version": "4.4.2",
      "resolved": "https://registry.npmjs.org/lodash.get/-/lodash.get-4.4.2.tgz",
      "integrity": "sha1-LRd/ZS+jHpObRDjVNBSZ36OCXpk="
    },
    "lodash.isequal": {
      "version": "4.5.0",
      "resolved": "https://registry.npmjs.org/lodash.isequal/-/lodash.isequal-4.5.0.tgz",
      "integrity": "sha1-QVxEePK8wwEgwizhDtMib30+GOA="
    },
    "md5": {
      "version": "2.2.1",
      "resolved": "https://registry.npmjs.org/md5/-/md5-2.2.1.tgz",
      "integrity": "sha1-U6s41f48iJG6RlMp6iP6wFQBJvk=",
      "requires": {
        "charenc": "~0.0.1",
        "crypt": "~0.0.1",
        "is-buffer": "~1.1.1"
      }
    },
    "memory-cache": {
      "version": "0.2.0",
      "resolved": "https://registry.npmjs.org/memory-cache/-/memory-cache-0.2.0.tgz",
      "integrity": "sha1-eJCwHVLADI68nVM+H46xfjA0hxo="
    },
    "ms": {
      "version": "2.0.0",
      "resolved": "https://registry.npmjs.org/ms/-/ms-2.0.0.tgz",
      "integrity": "sha1-VgiurfwAvmwpAd9fmGF4jeDVl8g="
    },
    "openapi-client-axios": {
      "version": "3.6.1",
      "resolved": "https://registry.npmjs.org/openapi-client-axios/-/openapi-client-axios-3.6.1.tgz",
      "integrity": "sha512-2p2atwatcbIqMaIncyteUYYj03fLZJ6rWF8m7mXYZrmyvNoZaxQWjIHmNIby1ez11Of8X+5uFvO+8pDQF7bkSg==",
      "requires": {
        "axios": "^0.19.0",
        "bath-es5": "^3.0.3",
        "json-schema-deref-sync": "^0.13.0",
        "lodash": "^4.17.15",
        "openapi-schema-validation": "^0.4.2",
        "openapi-types": "^1.3.4",
        "query-string": "^6.5.0",
        "swagger-parser": "^9.0.1"
      }
    },
    "openapi-schema-validation": {
      "version": "0.4.2",
      "resolved": "https://registry.npmjs.org/openapi-schema-validation/-/openapi-schema-validation-0.4.2.tgz",
      "integrity": "sha512-K8LqLpkUf2S04p2Nphq9L+3bGFh/kJypxIG2NVGKX0ffzT4NQI9HirhiY6Iurfej9lCu7y4Ndm4tv+lm86Ck7w==",
      "requires": {
        "jsonschema": "1.2.4",
        "jsonschema-draft4": "^1.0.0",
        "swagger-schema-official": "2.0.0-bab6bed"
      }
    },
    "openapi-types": {
      "version": "1.3.5",
      "resolved": "https://registry.npmjs.org/openapi-types/-/openapi-types-1.3.5.tgz",
      "integrity": "sha512-11oi4zYorsgvg5yBarZplAqbpev5HkuVNPlZaPTknPDzAynq+lnJdXAmruGWP0s+dNYZS7bjM+xrTpJw7184Fg=="
    },
    "punycode": {
      "version": "1.3.2",
      "resolved": "https://registry.npmjs.org/punycode/-/punycode-1.3.2.tgz",
      "integrity": "sha1-llOgNvt8HuQjQvIyXM7v6jkmxI0=",
      "dev": true
    },
    "query-string": {
      "version": "6.13.1",
      "resolved": "https://registry.npmjs.org/query-string/-/query-string-6.13.1.tgz",
      "integrity": "sha512-RfoButmcK+yCta1+FuU8REvisx1oEzhMKwhLUNcepQTPGcNMp1sIqjnfCtfnvGSQZQEhaBHvccujtWoUV3TTbA==",
      "requires": {
        "decode-uri-component": "^0.2.0",
        "split-on-first": "^1.0.0",
        "strict-uri-encode": "^2.0.0"
      }
    },
    "querystring": {
      "version": "0.2.0",
      "resolved": "https://registry.npmjs.org/querystring/-/querystring-0.2.0.tgz",
      "integrity": "sha1-sgmEkgO7Jd+CDadW50cAWHhSFiA=",
      "dev": true
    },
    "split-on-first": {
      "version": "1.1.0",
      "resolved": "https://registry.npmjs.org/split-on-first/-/split-on-first-1.1.0.tgz",
      "integrity": "sha512-43ZssAJaMusuKWL8sKUBQXHWOpq8d6CfN/u1p4gUzfJkM05C8rxTmYrkIPTXapZpORA6LkkzcUulJ8FqA7Uudw=="
    },
    "sprintf-js": {
      "version": "1.0.3",
      "resolved": "https://registry.npmjs.org/sprintf-js/-/sprintf-js-1.0.3.tgz",
      "integrity": "sha1-BOaSb2YolTVPPdAVIDYzuFcpfiw="
    },
    "strict-uri-encode": {
      "version": "2.0.0",
      "resolved": "https://registry.npmjs.org/strict-uri-encode/-/strict-uri-encode-2.0.0.tgz",
      "integrity": "sha1-ucczDHBChi9rFC3CdLvMWGbONUY="
    },
    "swagger-parser": {
      "version": "9.0.1",
      "resolved": "https://registry.npmjs.org/swagger-parser/-/swagger-parser-9.0.1.tgz",
      "integrity": "sha512-oxOHUaeNetO9ChhTJm2fD+48DbGbLD09ZEOwPOWEqcW8J6zmjWxutXtSuOiXsoRgDWvORYlImbwM21Pn+EiuvQ==",
      "requires": {
        "@apidevtools/swagger-parser": "9.0.1"
      }
    },
    "swagger-schema-official": {
      "version": "2.0.0-bab6bed",
      "resolved": "https://registry.npmjs.org/swagger-schema-official/-/swagger-schema-official-2.0.0-bab6bed.tgz",
      "integrity": "sha1-cAcEaNbSl3ylI3suUZyn0Gouo/0="
    },
    "traverse": {
      "version": "0.6.6",
      "resolved": "https://registry.npmjs.org/traverse/-/traverse-0.6.6.tgz",
      "integrity": "sha1-y99WD9e5r2MlAv7UD5GMFX6pcTc="
    },
    "tslib": {
      "version": "1.13.0",
      "resolved": "https://registry.npmjs.org/tslib/-/tslib-1.13.0.tgz",
      "integrity": "sha512-i/6DQjL8Xf3be4K/E6Wgpekn5Qasl1usyw++dAA35Ue5orEn65VIxOA+YvNNl9HV3qv70T7CNwjODHZrLwvd1Q==",
      "dev": true
    },
    "url": {
      "version": "0.11.0",
      "resolved": "https://registry.npmjs.org/url/-/url-0.11.0.tgz",
      "integrity": "sha1-ODjpfPxgUh63PFJajlW/3Z4uKPE=",
      "dev": true,
      "requires": {
        "punycode": "1.3.2",
        "querystring": "0.2.0"
      }
    },
    "valid-url": {
      "version": "1.0.9",
      "resolved": "https://registry.npmjs.org/valid-url/-/valid-url-1.0.9.tgz",
      "integrity": "sha1-HBRHm0DxOXp1eC8RXkCGRHQzogA="
    },
    "validator": {
      "version": "12.2.0",
      "resolved": "https://registry.npmjs.org/validator/-/validator-12.2.0.tgz",
      "integrity": "sha512-jJfE/DW6tIK1Ek8nCfNFqt8Wb3nzMoAbocBF6/Icgg1ZFSBpObdnwVY2jQj6qUqzhx5jc71fpvBWyLGO7Xl+nQ=="
    },
    "z-schema": {
      "version": "4.2.3",
      "resolved": "https://registry.npmjs.org/z-schema/-/z-schema-4.2.3.tgz",
      "integrity": "sha512-zkvK/9TC6p38IwcrbnT3ul9in1UX4cm1y/VZSs4GHKIiDCrlafc+YQBgQBUdDXLAoZHf2qvQ7gJJOo6yT1LH6A==",
      "requires": {
        "commander": "^2.7.1",
        "lodash.get": "^4.4.2",
        "lodash.isequal": "^4.5.0",
        "validator": "^12.0.0"
      }
    },
    "zen-observable": {
      "version": "0.8.15",
      "resolved": "https://registry.npmjs.org/zen-observable/-/zen-observable-0.8.15.tgz",
      "integrity": "sha512-PQ2PC7R9rslx84ndNBZB/Dkv8V8fZEpk83RLgXtYd0fwUgEjseMn1Dgajh2x6S8QbZAFa9p2qVCEuYZNgve0dQ==",
      "dev": true
    },
    "zen-observable-ts": {
      "version": "0.8.19",
      "resolved": "https://registry.npmjs.org/zen-observable-ts/-/zen-observable-ts-0.8.19.tgz",
      "integrity": "sha512-u1a2rpE13G+jSzrg3aiCqXU5tN2kw41b+cBZGmnc+30YimdkKiDj9bTowcB41eL77/17RF/h+393AuVgShyheQ==",
      "dev": true,
      "requires": {
        "tslib": "^1.9.3",
        "zen-observable": "^0.8.0"
      }
    }
  }
}
